
Microsoft Visual Studio Solution File, Format Version 12.00
# Visual Studio Version 16
VisualStudioVersion = 16.0.29009.5
MinimumVisualStudioVersion = 10.0.40219.1
Project("{9A19103F-16F7-4668-BE54-9A1E7A4F7556}") = "WebInterface", "WebInterface\WebInterface.csproj", "{910F3B5D-31E8-4FD8-A0E5-09B818A0CEC9}"
EndProject
Project("{9A19103F-16F7-4668-BE54-9A1E7A4F7556}") = "WebInterfaceAPI", "WebInterfaceAPI\WebInterfaceAPI.csproj", "{52F368CE-06A7-4A58-AE83-F4E1E3B63F60}"
EndProject
Project("{FAE04EC0-301F-11D3-BF4B-00C04F79EFBC}") = "WebInterfaceEntities", "WebInterfaceEntities\WebInterfaceEntities.csproj", "{065520D4-7120-465D-9A00-2F4E117B728E}"
EndProject
Project("{FAE04EC0-301F-11D3-BF4B-00C04F79EFBC}") = "WebInterfaceDataAccess", "WebInterfaceDataAccess\WebInterfaceDataAccess.csproj", "{51D4D84A-3085-4042-A32F-5846AB8E3D8B}"
EndProject
Project("{FAE04EC0-301F-11D3-BF4B-00C04F79EFBC}") = "WebInterfaceXUnitTests", "WebInterfaceXUnitTests\WebInterfaceXUnitTests.csproj", "{B4240286-819F-4D75-9A9D-20DD36F0C7A6}"
EndProject
Global
	GlobalSection(SolutionConfigurationPlatforms) = preSolution
		Debug|Any CPU = Debug|Any CPU
		Release|Any CPU = Release|Any CPU
	EndGlobalSection
	GlobalSection(ProjectConfigurationPlatforms) = postSolution
		{910F3B5D-31E8-4FD8-A0E5-09B818A0CEC9}.Debug|Any CPU.ActiveCfg = Debug|Any CPU
		{910F3B5D-31E8-4FD8-A0E5-09B818A0CEC9}.Debug|Any CPU.Build.0 = Debug|Any CPU
		{910F3B5D-31E8-4FD8-A0E5-09B818A0CEC9}.Release|Any CPU.ActiveCfg = Release|Any CPU
		{910F3B5D-31E8-4FD8-A0E5-09B818A0CEC9}.Release|Any CPU.Build.0 = Release|Any CPU
		{52F368CE-06A7-4A58-AE83-F4E1E3B63F60}.Debug|Any CPU.ActiveCfg = Debug|Any CPU
		{52F368CE-06A7-4A58-AE83-F4E1E3B63F60}.Debug|Any CPU.Build.0 = Debug|Any CPU
		{52F368CE-06A7-4A58-AE83-F4E1E3B63F60}.Release|Any CPU.ActiveCfg = Release|Any CPU
		{52F368CE-06A7-4A58-AE83-F4E1E3B63F60}.Release|Any CPU.Build.0 = Release|Any CPU
		{065520D4-7120-465D-9A00-2F4E117B728E}.Debug|Any CPU.ActiveCfg = Debug|Any CPU
		{065520D4-7120-465D-9A00-2F4E117B728E}.Debug|Any CPU.Build.0 = Debug|Any CPU
		{065520D4-7120-465D-9A00-2F4E117B728E}.Release|Any CPU.ActiveCfg = Release|Any CPU
		{065520D4-7120-465D-9A00-2F4E117B728E}.Release|Any CPU.Build.0 = Release|Any CPU
		{51D4D84A-3085-4042-A32F-5846AB8E3D8B}.Debug|Any CPU.ActiveCfg = Debug|Any CPU
		{51D4D84A-3085-4042-A32F-5846AB8E3D8B}.Debug|Any CPU.Build.0 = Debug|Any CPU
		{51D4D84A-3085-4042-A32F-5846AB8E3D8B}.Release|Any CPU.ActiveCfg = Release|Any CPU
		{51D4D84A-3085-4042-A32F-5846AB8E3D8B}.Release|Any CPU.Build.0 = Release|Any CPU
		{B4240286-819F-4D75-9A9D-20DD36F0C7A6}.Debug|Any CPU.ActiveCfg = Debug|Any CPU
		{B4240286-819F-4D75-9A9D-20DD36F0C7A6}.Debug|Any CPU.Build.0 = Debug|Any CPU
		{B4240286-819F-4D75-9A9D-20DD36F0C7A6}.Release|Any CPU.ActiveCfg = Release|Any CPU
		{B4240286-819F-4D75-9A9D-20DD36F0C7A6}.Release|Any CPU.Build.0 = Release|Any CPU
	EndGlobalSection
	GlobalSection(SolutionProperties) = preSolution
		HideSolutionNode = FALSE
	EndGlobalSection
	GlobalSection(ExtensibilityGlobals) = postSolution
		SolutionGuid = {6207A4D2-0F65-4F0B-AB89-123222400A92}
	EndGlobalSection
EndGlobal
